Microsoft Visual Studio Solution File, Format Version 12.00
# Visual Studio Version 17
VisualStudioVersion = 17.5.2.0
MinimumVisualStudioVersion = 10.0.40219.1
Project("{FAE04EC0-301F-11D3-BF4B-00C04F79EFBC}") = "proyecto integrador", "proyecto integrador.csproj", "{345A0509-28AE-F4D5-7B1F-131280EFD813}"
EndProject
Global
	GlobalSection(SolutionConfigurationPlatforms) = preSolution
		Debug|Any CPU = Debug|Any CPU
		Release|Any CPU = Release|Any CPU
	EndGlobalSection
	GlobalSection(ProjectConfigurationPlatforms) = postSolution
		{345A0509-28AE-F4D5-7B1F-131280EFD813}.Debug|Any CPU.ActiveCfg = Debug|Any CPU
		{345A0509-28AE-F4D5-7B1F-131280EFD813}.Debug|Any CPU.Build.0 = Debug|Any CPU
		{345A0509-28AE-F4D5-7B1F-131280EFD813}.Release|Any CPU.ActiveCfg = Release|Any CPU
		{345A0509-28AE-F4D5-7B1F-131280EFD813}.Release|Any CPU.Build.0 = Release|Any CPU
	EndGlobalSection
	GlobalSection(SolutionProperties) = preSolution
		HideSolutionNode = FALSE
	EndGlobalSection
	GlobalSection(ExtensibilityGlobals) = postSolution
		SolutionGuid = {E615F0D3-3192-48E5-891E-3C4FF9A52014}
	EndGlobalSection
EndGlobal
